
Microsoft Visual Studio Solution File, Format Version 12.00
# Visual Studio 15
Project("{FAE04EC0-301F-11D3-BF4B-00C04F79EFBC}") = "Assembly-CSharp", "Assembly-CSharp.csproj", "{BE18F9DC-DAC1-734C-1021-40F284222AF6}"
EndProject
Global
	GlobalSection(SolutionConfigurationPlatforms) = preSolution
		Debug|Any CPU = Debug|Any CPU
		Release|Any CPU = Release|Any CPU
	EndGlobalSection
	GlobalSection(ProjectConfigurationPlatforms) = postSolution
		{BE18F9DC-DAC1-734C-1021-40F284222AF6}.Debug|Any CPU.ActiveCfg = Debug|Any CPU
		{BE18F9DC-DAC1-734C-1021-40F284222AF6}.Debug|Any CPU.Build.0 = Debug|Any CPU
		{BE18F9DC-DAC1-734C-1021-40F284222AF6}.Release|Any CPU.ActiveCfg = Release|Any CPU
		{BE18F9DC-DAC1-734C-1021-40F284222AF6}.Release|Any CPU.Build.0 = Release|Any CPU
	EndGlobalSection
	GlobalSection(SolutionProperties) = preSolution
		HideSolutionNode = FALSE
	EndGlobalSection
EndGlobal
